Microsoft Visual Studio Solution File, Format Version 12.00
# Visual Studio 15
VisualStudioVersion = 15.0.27428.2037
MinimumVisualStudioVersion = 10.0.40219.1
Project("{9A19103F-16F7-4668-BE54-9A1E7A4F7556}") = "OresundBilletLibrary", "OresundBilletLibrary\OresundBilletLibrary.csproj", "{B4085950-8A38-47B9-9610-CC8843D0519C}"
EndProject
Project("{9A19103F-16F7-4668-BE54-9A1E7A4F7556}") = "UnitTest", "UnitTest\UnitTest.csproj", "{3977A4F0-3D5B-4528-8AE8-9098AE5AAEE7}"
EndProject
Global
	GlobalSection(SolutionConfigurationPlatforms) = preSolution
		Debug|Any CPU = Debug|Any CPU
		Debug|x64 = Debug|x64
		Debug|x86 = Debug|x86
		Release|Any CPU = Release|Any CPU
		Release|x64 = Release|x64
		Release|x86 = Release|x86
	EndGlobalSection
	GlobalSection(ProjectConfigurationPlatforms) = postSolution
		{B4085950-8A38-47B9-9610-CC8843D0519C}.Debug|Any CPU.ActiveCfg = Debug|Any CPU
		{B4085950-8A38-47B9-9610-CC8843D0519C}.Debug|Any CPU.Build.0 = Debug|Any CPU
		{B4085950-8A38-47B9-9610-CC8843D0519C}.Debug|x64.ActiveCfg = Debug|Any CPU
		{B4085950-8A38-47B9-9610-CC8843D0519C}.Debug|x64.Build.0 = Debug|Any CPU
		{B4085950-8A38-47B9-9610-CC8843D0519C}.Debug|x86.ActiveCfg = Debug|Any CPU
		{B4085950-8A38-47B9-9610-CC8843D0519C}.Debug|x86.Build.0 = Debug|Any CPU
		{B4085950-8A38-47B9-9610-CC8843D0519C}.Release|Any CPU.ActiveCfg = Release|Any CPU
		{B4085950-8A38-47B9-9610-CC8843D0519C}.Release|Any CPU.Build.0 = Release|Any CPU
		{B4085950-8A38-47B9-9610-CC8843D0519C}.Release|x64.ActiveCfg = Release|Any CPU
		{B4085950-8A38-47B9-9610-CC8843D0519C}.Release|x64.Build.0 = Release|Any CPU
		{B4085950-8A38-47B9-9610-CC8843D0519C}.Release|x86.ActiveCfg = Release|Any CPU
		{B4085950-8A38-47B9-9610-CC8843D0519C}.Release|x86.Build.0 = Release|Any CPU
		{3977A4F0-3D5B-4528-8AE8-9098AE5AAEE7}.Debug|Any CPU.ActiveCfg = Debug|Any CPU
		{3977A4F0-3D5B-4528-8AE8-9098AE5AAEE7}.Debug|Any CPU.Build.0 = Debug|Any CPU
		{3977A4F0-3D5B-4528-8AE8-9098AE5AAEE7}.Debug|x64.ActiveCfg = Debug|Any CPU
		{3977A4F0-3D5B-4528-8AE8-9098AE5AAEE7}.Debug|x64.Build.0 = Debug|Any CPU
		{3977A4F0-3D5B-4528-8AE8-9098AE5AAEE7}.Debug|x86.ActiveCfg = Debug|Any CPU
		{3977A4F0-3D5B-4528-8AE8-9098AE5AAEE7}.Debug|x86.Build.0 = Debug|Any CPU
		{3977A4F0-3D5B-4528-8AE8-9098AE5AAEE7}.Release|Any CPU.ActiveCfg = Release|Any CPU
		{3977A4F0-3D5B-4528-8AE8-9098AE5AAEE7}.Release|Any CPU.Build.0 = Release|Any CPU
		{3977A4F0-3D5B-4528-8AE8-9098AE5AAEE7}.Release|x64.ActiveCfg = Release|Any CPU
		{3977A4F0-3D5B-4528-8AE8-9098AE5AAEE7}.Release|x64.Build.0 = Release|Any CPU
		{3977A4F0-3D5B-4528-8AE8-9098AE5AAEE7}.Release|x86.ActiveCfg = Release|Any CPU
		{3977A4F0-3D5B-4528-8AE8-9098AE5AAEE7}.Release|x86.Build.0 = Release|Any CPU
	EndGlobalSection
	GlobalSection(SolutionProperties) = preSolution
		HideSolutionNode = FALSE
	EndGlobalSection
	GlobalSection(ExtensibilityGlobals) = postSolution
		SolutionGuid = {3D84DF81-319A-458F-9541-D8B0F7E51E0B}
	EndGlobalSection
EndGlobal
